
Microsoft Visual Studio Solution File, Format Version 12.00
# Visual Studio 15
VisualStudioVersion = 15.0.28307.271
MinimumVisualStudioVersion = 10.0.40219.1
Project("{6EC3EE1D-3C4E-46DD-8F32-0CC8E7565705}") = "TensorFlow.FSharp", "src\TensorFlow.FSharp.fsproj", "{2C0E5D68-1DED-4F19-8397-77B80767FC04}"
EndProject
Project("{6EC3EE1D-3C4E-46DD-8F32-0CC8E7565705}") = "TensorFlow.FSharp.Tests", "tests\TensorFlow.FSharp.Tests.fsproj", "{60CF0D08-953D-4FB9-9309-50E03CA4B45E}"
EndProject
Global
	GlobalSection(SolutionConfigurationPlatforms) = preSolution
		Debug|Any CPU = Debug|Any CPU
		Release|Any CPU = Release|Any CPU
	EndGlobalSection
	GlobalSection(ProjectConfigurationPlatforms) = postSolution
		{2C0E5D68-1DED-4F19-8397-77B80767FC04}.Debug|Any CPU.ActiveCfg = Debug|Any CPU
		{2C0E5D68-1DED-4F19-8397-77B80767FC04}.Debug|Any CPU.Build.0 = Debug|Any CPU
		{2C0E5D68-1DED-4F19-8397-77B80767FC04}.Release|Any CPU.ActiveCfg = Release|Any CPU
		{2C0E5D68-1DED-4F19-8397-77B80767FC04}.Release|Any CPU.Build.0 = Release|Any CPU
		{60CF0D08-953D-4FB9-9309-50E03CA4B45E}.Debug|Any CPU.ActiveCfg = Debug|Any CPU
		{60CF0D08-953D-4FB9-9309-50E03CA4B45E}.Debug|Any CPU.Build.0 = Debug|Any CPU
		{60CF0D08-953D-4FB9-9309-50E03CA4B45E}.Release|Any CPU.ActiveCfg = Release|Any CPU
		{60CF0D08-953D-4FB9-9309-50E03CA4B45E}.Release|Any CPU.Build.0 = Release|Any CPU
	EndGlobalSection
	GlobalSection(SolutionProperties) = preSolution
		HideSolutionNode = FALSE
	EndGlobalSection
	GlobalSection(ExtensibilityGlobals) = postSolution
		SolutionGuid = {A81EF8EB-FB0A-4717-8F84-FF796BF3B277}
	EndGlobalSection
EndGlobal
