
Microsoft Visual Studio Solution File, Format Version 12.00
# Visual Studio 15
VisualStudioVersion = 15.0.28307.271
MinimumVisualStudioVersion = 10.0.40219.1
Project("{6EC3EE1D-3C4E-46DD-8F32-0CC8E7565705}") = "TensorFlow.FSharp", "src\TensorFlow.FSharp\TensorFlow.FSharp.fsproj", "{2C0E5D68-1DED-4F19-8397-77B80767FC04}"
EndProject
Project("{6EC3EE1D-3C4E-46DD-8F32-0CC8E7565705}") = "TensorFlow.FSharp.Tests", "tests\TensorFlow.FSharp.Tests.fsproj", "{0F43F9C4-6696-45D5-AEB0-DBB4B24658F3}"
EndProject
Project("{9A19103F-16F7-4668-BE54-9A1E7A4F7556}") = "TensorFlowNET.Core", "..\TensorFlow.NET\src\TensorFlowNET.Core\TensorFlowNET.Core.csproj", "{4241C758-6663-4CBD-9F4D-071CB56B1410}"
EndProject
Project("{F2A71F9B-5D33-465A-A702-920D77279786}") = "TestApp", "TestApp\TestApp.fsproj", "{45D42BBB-08CE-46D8-B8AE-560ADA204FAB}"
EndProject
Project("{FAE04EC0-301F-11D3-BF4B-00C04F79EFBC}") = "TensorFlowNetGenOps", "TensorFlowNetGenOps\TensorFlowNetGenOps.csproj", "{74EB1C43-A2BA-4262-9867-CCDED72F1B55}"
EndProject
Project("{FAE04EC0-301F-11D3-BF4B-00C04F79EFBC}") = "TensorFlowCSharpWrapper", "TensorFlowCSharpWrapper\TensorFlowCSharpWrapper.csproj", "{13DFED11-180B-4D25-980B-A5CDB361D77F}"
EndProject
Project("{FAE04EC0-301F-11D3-BF4B-00C04F79EFBC}") = "ConsoleApp1", "ConsoleApp1\ConsoleApp1.csproj", "{B0E4CC08-D47C-4441-83E6-A44B5B1D48DB}"
EndProject
Project("{9A19103F-16F7-4668-BE54-9A1E7A4F7556}") = "NumSharp.Core", "..\NumSharp\src\NumSharp.Core\NumSharp.Core.csproj", "{C296A8A6-7581-409A-8C8A-236B9178EE80}"
EndProject
Global
	GlobalSection(SolutionConfigurationPlatforms) = preSolution
		Debug|Any CPU = Debug|Any CPU
		Release|Any CPU = Release|Any CPU
	EndGlobalSection
	GlobalSection(ProjectConfigurationPlatforms) = postSolution
		{2C0E5D68-1DED-4F19-8397-77B80767FC04}.Debug|Any CPU.ActiveCfg = Debug|Any CPU
		{2C0E5D68-1DED-4F19-8397-77B80767FC04}.Debug|Any CPU.Build.0 = Debug|Any CPU
		{2C0E5D68-1DED-4F19-8397-77B80767FC04}.Release|Any CPU.ActiveCfg = Release|Any CPU
		{2C0E5D68-1DED-4F19-8397-77B80767FC04}.Release|Any CPU.Build.0 = Release|Any CPU
		{0F43F9C4-6696-45D5-AEB0-DBB4B24658F3}.Debug|Any CPU.ActiveCfg = Debug|Any CPU
		{0F43F9C4-6696-45D5-AEB0-DBB4B24658F3}.Debug|Any CPU.Build.0 = Debug|Any CPU
		{0F43F9C4-6696-45D5-AEB0-DBB4B24658F3}.Release|Any CPU.ActiveCfg = Release|Any CPU
		{0F43F9C4-6696-45D5-AEB0-DBB4B24658F3}.Release|Any CPU.Build.0 = Release|Any CPU
		{4241C758-6663-4CBD-9F4D-071CB56B1410}.Debug|Any CPU.ActiveCfg = Debug|Any CPU
		{4241C758-6663-4CBD-9F4D-071CB56B1410}.Debug|Any CPU.Build.0 = Debug|Any CPU
		{4241C758-6663-4CBD-9F4D-071CB56B1410}.Release|Any CPU.ActiveCfg = Release|Any CPU
		{4241C758-6663-4CBD-9F4D-071CB56B1410}.Release|Any CPU.Build.0 = Release|Any CPU
		{45D42BBB-08CE-46D8-B8AE-560ADA204FAB}.Debug|Any CPU.ActiveCfg = Debug|Any CPU
		{45D42BBB-08CE-46D8-B8AE-560ADA204FAB}.Debug|Any CPU.Build.0 = Debug|Any CPU
		{45D42BBB-08CE-46D8-B8AE-560ADA204FAB}.Release|Any CPU.ActiveCfg = Release|Any CPU
		{45D42BBB-08CE-46D8-B8AE-560ADA204FAB}.Release|Any CPU.Build.0 = Release|Any CPU
		{74EB1C43-A2BA-4262-9867-CCDED72F1B55}.Debug|Any CPU.ActiveCfg = Debug|Any CPU
		{74EB1C43-A2BA-4262-9867-CCDED72F1B55}.Debug|Any CPU.Build.0 = Debug|Any CPU
		{74EB1C43-A2BA-4262-9867-CCDED72F1B55}.Release|Any CPU.ActiveCfg = Release|Any CPU
		{74EB1C43-A2BA-4262-9867-CCDED72F1B55}.Release|Any CPU.Build.0 = Release|Any CPU
		{13DFED11-180B-4D25-980B-A5CDB361D77F}.Debug|Any CPU.ActiveCfg = Debug|Any CPU
		{13DFED11-180B-4D25-980B-A5CDB361D77F}.Debug|Any CPU.Build.0 = Debug|Any CPU
		{13DFED11-180B-4D25-980B-A5CDB361D77F}.Release|Any CPU.ActiveCfg = Release|Any CPU
		{13DFED11-180B-4D25-980B-A5CDB361D77F}.Release|Any CPU.Build.0 = Release|Any CPU
		{B0E4CC08-D47C-4441-83E6-A44B5B1D48DB}.Debug|Any CPU.ActiveCfg = Debug|Any CPU
		{B0E4CC08-D47C-4441-83E6-A44B5B1D48DB}.Debug|Any CPU.Build.0 = Debug|Any CPU
		{B0E4CC08-D47C-4441-83E6-A44B5B1D48DB}.Release|Any CPU.ActiveCfg = Release|Any CPU
		{B0E4CC08-D47C-4441-83E6-A44B5B1D48DB}.Release|Any CPU.Build.0 = Release|Any CPU
		{C296A8A6-7581-409A-8C8A-236B9178EE80}.Debug|Any CPU.ActiveCfg = Debug|Any CPU
		{C296A8A6-7581-409A-8C8A-236B9178EE80}.Debug|Any CPU.Build.0 = Debug|Any CPU
		{C296A8A6-7581-409A-8C8A-236B9178EE80}.Release|Any CPU.ActiveCfg = Release|Any CPU
		{C296A8A6-7581-409A-8C8A-236B9178EE80}.Release|Any CPU.Build.0 = Release|Any CPU
	EndGlobalSection
	GlobalSection(SolutionProperties) = preSolution
		HideSolutionNode = FALSE
	EndGlobalSection
	GlobalSection(ExtensibilityGlobals) = postSolution
		SolutionGuid = {A81EF8EB-FB0A-4717-8F84-FF796BF3B277}
	EndGlobalSection
EndGlobal
